
Microsoft Visual Studio Solution File, Format Version 12.00
# Visual Studio Version 16
VisualStudioVersion = 16.0.29905.134
MinimumVisualStudioVersion = 10.0.40219.1
Project("{2150E333-8FDC-42A3-9474-1A3956D46DE8}") = "Solution items", "Solution items", "{B43570F9-1DE6-4E0F-BF6B-4AFFB7861145}"
	ProjectSection(SolutionItems) = preProject
		CHANGELOG.md = CHANGELOG.md
		nuget.config = nuget.config
		readme.md = readme.md
	EndProjectSection
EndProject
Project("{2150E333-8FDC-42A3-9474-1A3956D46DE8}") = "src", "src", "{D410D4AE-4BC1-4DD6-B2CF-016774C9CF5B}"
EndProject
Project("{2150E333-8FDC-42A3-9474-1A3956D46DE8}") = "samples", "samples", "{47E2C2A9-3100-4501-878E-B64982AD069B}"
EndProject
Project("{2150E333-8FDC-42A3-9474-1A3956D46DE8}") = "test", "test", "{E1A61BD2-F970-47DD-8645-F75CBDB0CDE6}"
EndProject
Project("{9A19103F-16F7-4668-BE54-9A1E7A4F7556}") = "Digipolis.Caching", "src\Digipolis.Caching\Digipolis.Caching.csproj", "{D5C49BF9-A6DE-4072-A66D-D384FB01A94B}"
EndProject
Project("{FAE04EC0-301F-11D3-BF4B-00C04F79EFBC}") = "SampleApp", "samples\SampleApp.csproj", "{A996FDC8-D84B-472A-8F9A-7604EDCE92AC}"
EndProject
Global
	GlobalSection(SolutionConfigurationPlatforms) = preSolution
		Debug|Any CPU = Debug|Any CPU
		Release|Any CPU = Release|Any CPU
	EndGlobalSection
	GlobalSection(ProjectConfigurationPlatforms) = postSolution
		{D5C49BF9-A6DE-4072-A66D-D384FB01A94B}.Debug|Any CPU.ActiveCfg = Debug|Any CPU
		{D5C49BF9-A6DE-4072-A66D-D384FB01A94B}.Debug|Any CPU.Build.0 = Debug|Any CPU
		{D5C49BF9-A6DE-4072-A66D-D384FB01A94B}.Release|Any CPU.ActiveCfg = Debug|Any CPU
		{D5C49BF9-A6DE-4072-A66D-D384FB01A94B}.Release|Any CPU.Build.0 = Debug|Any CPU
		{A996FDC8-D84B-472A-8F9A-7604EDCE92AC}.Debug|Any CPU.ActiveCfg = Debug|Any CPU
		{A996FDC8-D84B-472A-8F9A-7604EDCE92AC}.Debug|Any CPU.Build.0 = Debug|Any CPU
		{A996FDC8-D84B-472A-8F9A-7604EDCE92AC}.Release|Any CPU.ActiveCfg = Release|Any CPU
		{A996FDC8-D84B-472A-8F9A-7604EDCE92AC}.Release|Any CPU.Build.0 = Release|Any CPU
	EndGlobalSection
	GlobalSection(SolutionProperties) = preSolution
		HideSolutionNode = FALSE
	EndGlobalSection
	GlobalSection(NestedProjects) = preSolution
		{D5C49BF9-A6DE-4072-A66D-D384FB01A94B} = {D410D4AE-4BC1-4DD6-B2CF-016774C9CF5B}
		{A996FDC8-D84B-472A-8F9A-7604EDCE92AC} = {47E2C2A9-3100-4501-878E-B64982AD069B}
		
	EndGlobalSection
	GlobalSection(ExtensibilityGlobals) = postSolution
		SolutionGuid = {DCAA542B-3712-421A-B5BA-15765D07605D}
	EndGlobalSection
EndGlobal
