
Microsoft Visual Studio Solution File, Format Version 12.00
# Visual Studio 14
VisualStudioVersion = 14.0.23107.0
MinimumVisualStudioVersion = 10.0.40219.1
Project("{2150E333-8FDC-42A3-9474-1A3956D46DE8}") = "src", "src", "{74C6F2C8-1B6B-4B1D-898F-A518F9F5CF39}"
EndProject
Project("{2150E333-8FDC-42A3-9474-1A3956D46DE8}") = "test", "test", "{3E15D6B5-2F43-4964-80C5-09FBB3473E67}"
EndProject
Project("{2150E333-8FDC-42A3-9474-1A3956D46DE8}") = "Solution Items", "Solution Items", "{BE6ED57F-06FB-49D7-8D65-6AE5942A1658}"
	ProjectSection(SolutionItems) = preProject
		global.json = global.json
		NuGet.Config = NuGet.Config
	EndProjectSection
EndProject
Project("{8BB2217D-0F2D-49D1-97BC-3654ED321F3B}") = "Toolbox.Caching", "src\Toolbox.Caching\Toolbox.Caching.xproj", "{3A461A0F-B905-46C0-9487-DAA5BD5320B7}"
EndProject
Project("{8BB2217D-0F2D-49D1-97BC-3654ED321F3B}") = "Toolbox.Caching.UnitTests", "test\Toolbox.Caching.UnitTests\Toolbox.Caching.UnitTests.xproj", "{D62FE5E4-87E7-4DE6-BFA3-D3D62AC0DB05}"
EndProject
Global
	GlobalSection(SolutionConfigurationPlatforms) = preSolution
		Debug|Any CPU = Debug|Any CPU
		Release|Any CPU = Release|Any CPU
	EndGlobalSection
	GlobalSection(ProjectConfigurationPlatforms) = postSolution
		{3A461A0F-B905-46C0-9487-DAA5BD5320B7}.Debug|Any CPU.ActiveCfg = Debug|Any CPU
		{3A461A0F-B905-46C0-9487-DAA5BD5320B7}.Debug|Any CPU.Build.0 = Debug|Any CPU
		{3A461A0F-B905-46C0-9487-DAA5BD5320B7}.Release|Any CPU.ActiveCfg = Release|Any CPU
		{3A461A0F-B905-46C0-9487-DAA5BD5320B7}.Release|Any CPU.Build.0 = Release|Any CPU
		{D62FE5E4-87E7-4DE6-BFA3-D3D62AC0DB05}.Debug|Any CPU.ActiveCfg = Debug|Any CPU
		{D62FE5E4-87E7-4DE6-BFA3-D3D62AC0DB05}.Debug|Any CPU.Build.0 = Debug|Any CPU
		{D62FE5E4-87E7-4DE6-BFA3-D3D62AC0DB05}.Release|Any CPU.ActiveCfg = Release|Any CPU
		{D62FE5E4-87E7-4DE6-BFA3-D3D62AC0DB05}.Release|Any CPU.Build.0 = Release|Any CPU
	EndGlobalSection
	GlobalSection(SolutionProperties) = preSolution
		HideSolutionNode = FALSE
	EndGlobalSection
	GlobalSection(NestedProjects) = preSolution
		{3A461A0F-B905-46C0-9487-DAA5BD5320B7} = {74C6F2C8-1B6B-4B1D-898F-A518F9F5CF39}
		{D62FE5E4-87E7-4DE6-BFA3-D3D62AC0DB05} = {3E15D6B5-2F43-4964-80C5-09FBB3473E67}
	EndGlobalSection
EndGlobal
